
Microsoft Visual Studio Solution File, Format Version 12.00
# Visual Studio 14
VisualStudioVersion = 14.0.24720.0
MinimumVisualStudioVersion = 10.0.40219.1
Project("{FAE04EC0-301F-11D3-BF4B-00C04F79EFBC}") = "CheckDomainWinForm", "CheckDomainWinForm\CheckDomainWinForm.csproj", "{46DED4E1-5C53-48D7-88BE-41F0D2DFCE94}"
EndProject
Global
	GlobalSection(SolutionConfigurationPlatforms) = preSolution
		Debug|Any CPU = Debug|Any CPU
		Release|Any CPU = Release|Any CPU
	EndGlobalSection
	GlobalSection(ProjectConfigurationPlatforms) = postSolution
		{46DED4E1-5C53-48D7-88BE-41F0D2DFCE94}.Debug|Any CPU.ActiveCfg = Debug|Any CPU
		{46DED4E1-5C53-48D7-88BE-41F0D2DFCE94}.Debug|Any CPU.Build.0 = Debug|Any CPU
		{46DED4E1-5C53-48D7-88BE-41F0D2DFCE94}.Release|Any CPU.ActiveCfg = Release|Any CPU
		{46DED4E1-5C53-48D7-88BE-41F0D2DFCE94}.Release|Any CPU.Build.0 = Release|Any CPU
	EndGlobalSection
	GlobalSection(SolutionProperties) = preSolution
		HideSolutionNode = FALSE
	EndGlobalSection
EndGlobal
